
Microsoft Visual Studio Solution File, Format Version 12.00
# Visual Studio 15
VisualStudioVersion = 15.0.27703.2035
MinimumVisualStudioVersion = 10.0.40219.1
Project("{8BC9CEB8-8B4A-11D0-8D11-00A0C91BC942}") = "Expensive calculator expesive", "Expensive calculator expesive\Expensive calculator expesive.vcxproj", "{DFFEBEB9-E317-4690-ADBC-85849C0D4B67}"
EndProject
Global
	GlobalSection(SolutionConfigurationPlatforms) = preSolution
		Debug|x64 = Debug|x64
		Debug|x86 = Debug|x86
		Release|x64 = Release|x64
		Release|x86 = Release|x86
	EndGlobalSection
	GlobalSection(ProjectConfigurationPlatforms) = postSolution
		{DFFEBEB9-E317-4690-ADBC-85849C0D4B67}.Debug|x64.ActiveCfg = Debug|x64
		{DFFEBEB9-E317-4690-ADBC-85849C0D4B67}.Debug|x64.Build.0 = Debug|x64
		{DFFEBEB9-E317-4690-ADBC-85849C0D4B67}.Debug|x86.ActiveCfg = Debug|Win32
		{DFFEBEB9-E317-4690-ADBC-85849C0D4B67}.Debug|x86.Build.0 = Debug|Win32
		{DFFEBEB9-E317-4690-ADBC-85849C0D4B67}.Release|x64.ActiveCfg = Release|x64
		{DFFEBEB9-E317-4690-ADBC-85849C0D4B67}.Release|x64.Build.0 = Release|x64
		{DFFEBEB9-E317-4690-ADBC-85849C0D4B67}.Release|x86.ActiveCfg = Release|Win32
		{DFFEBEB9-E317-4690-ADBC-85849C0D4B67}.Release|x86.Build.0 = Release|Win32
	EndGlobalSection
	GlobalSection(SolutionProperties) = preSolution
		HideSolutionNode = FALSE
	EndGlobalSection
	GlobalSection(ExtensibilityGlobals) = postSolution
		SolutionGuid = {02FE5C63-57F4-475A-A5EA-4B9E4781B612}
	EndGlobalSection
EndGlobal
